# THIS IS AN AUTOGENERATED FILE. DO NOT EDIT THIS FILE DIRECTLY.
# yarn lockfile v1


"@emnapi/core@1.10.0":
  version "1.10.0"
  resolved "https://registry.yarnpkg.com/@emnapi/core/-/core-1.10.0.tgz#380ccc8f2412ea22d1d972df7f8ee23a3b9c7467"
  integrity sha512-yq6OkJ4p82CAfPl0u9mQebQHKPJkY7WrIuk205cTYnYe+k2Z8YBh11FrbRG/H6ihirqcacOgl2BIO8oyMQLeXw==
  dependencies:
    "@emnapi/wasi-threads" "1.2.1"
    tslib "^2.4.0"

"@emnapi/runtime@1.10.0":
  version "1.10.0"
  resolved "https://registry.yarnpkg.com/@emnapi/runtime/-/runtime-1.10.0.tgz#4b260c0d3534204e98c6110b8db1a987d26ec87c"
  integrity sha512-ewvYlk86xUoGI0zQRNq/mC+16R1QeDlKQy21Ki3oSYXNgLb45GV1P6A0M+/s6nyCuNDqe5VpaY84BzXGwVbwFA==
  dependencies:
    tslib "^2.4.0"

"@emnapi/wasi-threads@1.2.1":
  version "1.2.1"
  resolved "https://registry.yarnpkg.com/@emnapi/wasi-threads/-/wasi-threads-1.2.1.tgz#28fed21a1ba1ce797c44a070abc94d42f3ae8548"
  integrity sha512-uTII7OYF+/Mes/MrcIOYp5yOtSMLBWSIoLPpcgwipoiKbli6k322tcoFsxoIIxPDqW01SQGAgko4EzZi2BNv2w==
  dependencies:
    tslib "^2.4.0"

"@napi-rs/wasm-runtime@^1.1.4":
  version "1.2.3"
  resolved "https://registry.yarnpkg.com/@napi-rs/wasm-runtime/-/wasm-runtime-1.2.3.tgz#97e3d45d7424dc5da1d4e32f3bf3b292f6c1b44c"
  integrity sha512-UMduMbqO5s5zF2NkNacMT/yK5Y5QiKvWr2+50bzIIxFDwVJ2h49b+oyjaCGPhJxd2/gC2x39EHv/gHVuu36x2Q==
  dependencies:
    "@tybys/wasm-util" "^0.10.3"

"@openai/sites-vite-plugin@0.1.0":
  version "0.1.0"
  resolved "https://registry.yarnpkg.com/@openai/sites-vite-plugin/-/sites-vite-plugin-0.1.0.tgz#d0daa6ca9fcea6158dddbdd137297bb2bcdf961c"
  integrity sha512-TYi3j4R4u+yPFWNMlN4czpHEUze35Py4whlURKMwN8msOasxNXVhRl226KYRTuKj0LrdKFEDVfXHMrELB8aQ4w==

"@oxc-project/types@=0.130.0":
  version "0.130.0"
  resolved "https://registry.yarnpkg.com/@oxc-project/types/-/types-0.130.0.tgz#a7825148711dc28805c46cfc21d94b63a4d41e88"
  integrity sha512-ibD2usx9JRu7f5pu2tMKMI4cpA4NgXJQoYRP4pQ7Pxmn1l6k/53qWtQWZayhYy3X4QZkt90Ot+mJEaeXouio6Q==

"@rolldown/binding-android-arm64@1.0.1":
  version "1.0.1"
  resolved "https://registry.yarnpkg.com/@rolldown/binding-android-arm64/-/binding-android-arm64-1.0.1.tgz#7b250c89f16d74affd581dbe38f702e8c2c644d3"
  integrity sha512-fJI3I0r3C3Oj/zdBCpaCmBRZYf07xpaq4yCfDDoSFm+beWNzbIl26puW8RraUdugoJw/95zerNOn6jasAhzSmg==

"@rolldown/binding-darwin-arm64@1.0.1":
  version "1.0.1"
  resolved "https://registry.yarnpkg.com/@rolldown/binding-darwin-arm64/-/binding-darwin-arm64-1.0.1.tgz#cd4de96687e6522062984b0503fbffbbc9220023"
  integrity sha512-cKnAhWEsV7TPcA/5EAteDp6KcJZBQ2G+BqE7zayMMi7kMvwRsbv7WT9aOnn0WNl4SKEIf43vjS31iUPu80nzXg==

"@rolldown/binding-darwin-x64@1.0.1":
  version "1.0.1"
  resolved "https://registry.yarnpkg.com/@rolldown/binding-darwin-x64/-/binding-darwin-x64-1.0.1.tgz#5b0a631e3784d5a7741dd93097dcf6dfca029960"
  integrity sha512-YKrVwQjIRBPo+5G/u03wGjbdy4q7pyzCe93DK9VJ7zkVmeg8LJ7GbgsiHWdR4xSoe4CAXRD7Bcjgbtr64bkXNg==

"@rolldown/binding-freebsd-x64@1.0.1":
  version "1.0.1"
  resolved "https://registry.yarnpkg.com/@rolldown/binding-freebsd-x64/-/binding-freebsd-x64-1.0.1.tgz#d82e561079db89f796438f56ec11bb3565ee1875"
  integrity sha512-z/oBsREo46SsFqBwYtFe0kpJeBijAT48O/WXLI4suiCLBkr03RTtTJMCzSdDd2znlh8VJizL09XVkQgk8IZonw==

"@rolldown/binding-linux-arm-gnueabihf@1.0.1":
  version "1.0.1"
  resolved "https://registry.yarnpkg.com/@rolldown/binding-linux-arm-gnueabihf/-/binding-linux-arm-gnueabihf-1.0.1.tgz#f2645afff4253c7b46b80ba14af5fd3fc18d45dc"
  integrity sha512-ik8q7GM11zxvYxFc2PeDcT6TBvhCQMaUxfph/M5l9sKuTs/Sjg3L+Byw0F7w0ZVLBZmx30P+gG0ECzzN+MFcmQ==

"@rolldown/binding-linux-arm64-gnu@1.0.1":
  version "1.0.1"
  resolved "https://registry.yarnpkg.com/@rolldown/binding-linux-arm64-gnu/-/binding-linux-arm64-gnu-1.0.1.tgz#a16b97f175e7b115c5ece77c7b648d0c868f4486"
  integrity sha512-QoSx2EkyrrdZ6kcyE8stqZ62t0Yra8Fs5ia9lOxJrh6TMQJK7gQKmscdTHf7pOXKREKrVwOtJcQG3qVSfc866A==

"@rolldown/binding-linux-arm64-musl@1.0.1":
  version "1.0.1"
  resolved "https://registry.yarnpkg.com/@rolldown/binding-linux-arm64-musl/-/binding-linux-arm64-musl-1.0.1.tgz#e695aec4ef2c8713c9d959b42a208059891276da"
  integrity sha512-uwNwFpwKeNiZawfAWBgg0VIztPTV3ihhh1vV334h9ivnNLorxnQMU6Fz8wG1Zb4Qh9LC1/MkcyT3YlDXG3Rsgg==

"@rolldown/binding-linux-ppc64-gnu@1.0.1":
  version "1.0.1"
  resolved "https://registry.yarnpkg.com/@rolldown/binding-linux-ppc64-gnu/-/binding-linux-ppc64-gnu-1.0.1.tgz#4a9edf16112cbe99cdd396c60efac39cbd1758ac"
  integrity sha512-zY1bul7OWr7DFBiJ++wofXvnr8B45ce3QsQUhKrIhXsygAh7bTkwyeM1bi1a2g5C/yC/N8TZyGDEoMfm/l9mpg==

"@rolldown/binding-linux-s390x-gnu@1.0.1":
  version "1.0.1"
  resolved "https://registry.yarnpkg.com/@rolldown/binding-linux-s390x-gnu/-/binding-linux-s390x-gnu-1.0.1.tgz#314aa3ec1ce8251501d865f98fb91e42a1e671e4"
  integrity sha512-0frlsT/f4Ft6I7SMESTKnF3cZsdicQn1dCMkF/jT9wDLE+gGoiQfv1nmT9e+s7s/fekvvy6tZM2jHvI2tkbJDQ==

"@rolldown/binding-linux-x64-gnu@1.0.1":
  version "1.0.1"
  resolved "https://registry.yarnpkg.com/@rolldown/binding-linux-x64-gnu/-/binding-linux-x64-gnu-1.0.1.tgz#7c51f13cf1141c503ee162830b4fc692d91640be"
  integrity sha512-XABVmGp9Tg0WspTVvwduTc4fpqy6JnAUrSQe6OuyqD/03nI7r0O9OWUkMIwFrjKAIqolvqoA4ZrJppgwE0Gxmw==

"@rolldown/binding-linux-x64-musl@1.0.1":
  version "1.0.1"
  resolved "https://registry.yarnpkg.com/@rolldown/binding-linux-x64-musl/-/binding-linux-x64-musl-1.0.1.tgz#b7213936bbc9310b02a34f71cefd25f9e71f329b"
  integrity sha512-bV4fzswuzVcKD90o/VM6QqKxnxlDq0g2BISDLNVmxrnhpv1DDbyPhCIjYfvzYLV+MvkKKnQt2Q6AO86SEBULUQ==

"@rolldown/binding-openharmony-arm64@1.0.1":
  version "1.0.1"
  resolved "https://registry.yarnpkg.com/@rolldown/binding-openharmony-arm64/-/binding-openharmony-arm64-1.0.1.tgz#006e88acde4f12b41a4c72292685c9dc9e6a3627"
  integrity sha512-/Mh0Zhq3OP7fVs0kcQHZP6lZEthMGTaSf8UBQYSFEZDWGXXlEC+nJ6EqenaK2t4LBXMe3A+K/G2BVXXdtOr4PQ==

"@rolldown/binding-wasm32-wasi@1.0.1":
  version "1.0.1"
  resolved "https://registry.yarnpkg.com/@rolldown/binding-wasm32-wasi/-/binding-wasm32-wasi-1.0.1.tgz#033525c84da217418232f35be19f1ddc0af4f31e"
  integrity sha512-+1xc9X45l8ufsBAm6Gjvx2qDRIY9lTVt0cgWNcJ+1gdhXvkbxePA60yRTwSTuXL09CMhyJmjpV7E3NoyxbqFQQ==
  dependencies:
    "@emnapi/core" "1.10.0"
    "@emnapi/runtime" "1.10.0"
    "@napi-rs/wasm-runtime" "^1.1.4"

"@rolldown/binding-win32-arm64-msvc@1.0.1":
  version "1.0.1"
  resolved "https://registry.yarnpkg.com/@rolldown/binding-win32-arm64-msvc/-/binding-win32-arm64-msvc-1.0.1.tgz#febbf109cf1b5837e21369f0e0d2fefca1519c39"
  integrity sha512-1D+UqZdfnuR+Jy1GgMJwi85bD40H21uNmOPRWQhw4oRSuolZ/B5rixZ45DK2KXOTCvmVCecauWgEhbw8bI7tOw==

"@rolldown/binding-win32-x64-msvc@1.0.1":
  version "1.0.1"
  resolved "https://registry.yarnpkg.com/@rolldown/binding-win32-x64-msvc/-/binding-win32-x64-msvc-1.0.1.tgz#dfb32a67ccb0deaa3c9a57f6cb4890b5697dfa2c"
  integrity sha512-INAycaWuhlOK3wk4mRHGsdgwYWmd9cChdPdE9bwWmy6rn9VqVNYNFGhOdXrofXUxwHIncSiPNb8tNm8knDVIeQ==

"@rolldown/pluginutils@^1.0.0":
  version "1.0.1"
  resolved "https://registry.yarnpkg.com/@rolldown/pluginutils/-/pluginutils-1.0.1.tgz#e3fcee093fbb5ce765e1ad088ff4de2889f6f9be"
  integrity sha512-2j9bGt5Jh8hj+vPtgzPtl72j0yRxHAyumoo6TNfAjsLB04UtpSvPbPcDcBMxz7n+9CYB0c1GxQFxYRg2jimqGw==

"@tybys/wasm-util@^0.10.3":
  version "0.10.3"
  resolved "https://registry.yarnpkg.com/@tybys/wasm-util/-/wasm-util-0.10.3.tgz#015cba9e9dd47ce14d03d2a8c5d547bfb169665d"
  integrity sha512-F3fo1MYrRJYL3zER0OUOmkutjr1Vp23m7OsSgp7nq4SP6OqX6C/56XFIPAl5bt3zaBRjmW7SGz3u/6LwFpYcOg==
  dependencies:
    tslib "^2.4.0"

detect-libc@^2.0.3:
  version "2.1.2"
  resolved "https://registry.yarnpkg.com/detect-libc/-/detect-libc-2.1.2.tgz#689c5dcdc1900ef5583a4cb9f6d7b473742074ad"
  integrity sha512-Btj2BOOO83o3WyH59e8MgXsxEQVcarkUOpEYrubB0urwnN10yQ364rsiByU11nZlqWYZm05i/of7io4mzihBtQ==

fdir@^6.5.0:
  version "6.5.0"
  resolved "https://registry.yarnpkg.com/fdir/-/fdir-6.5.0.tgz#ed2ab967a331ade62f18d077dae192684d50d350"
  integrity sha512-tIbYtZbucOs0BRGqPJkshJUYdL+SDH7dVM8gjy+ERp3WAUjLEFJE+02kanyHtwjWOnwrKYBiwAmM0p4kLJAnXg==

fsevents@~2.3.3:
  version "2.3.3"
  resolved "https://registry.yarnpkg.com/fsevents/-/fsevents-2.3.3.tgz#cac6407785d03675a2a5e1a5305c697b347d90d6"
  integrity sha512-5xoDfX+fL7faATnagmWPpbFtwh/R77WmMMqqHGS65C3vvB0YHrgF+B1YmZ3441tMj5n63k0212XNoJwzlhffQw==

lightningcss-android-arm64@1.33.0:
  version "1.33.0"
  resolved "https://registry.yarnpkg.com/lightningcss-android-arm64/-/lightningcss-android-arm64-1.33.0.tgz#9a6841f88ae50fc83502903892b41af41bc2b907"
  integrity sha512-gEpRTalKdosp4Bb8qWtc2iOgE5SeIHlpS1up9bFq2wAyYhl1UdTObYiHe98zEM9SQvSoqQZ1IQD0JNpg3Ml5pg==

lightningcss-darwin-arm64@1.33.0:
  version "1.33.0"
  resolved "https://registry.yarnpkg.com/lightningcss-darwin-arm64/-/lightningcss-darwin-arm64-1.33.0.tgz#c0f2c31c0bfd19fa4dd3f18e957a1f1a152097d6"
  integrity sha512-Sciaz8eenNTKn9b3t7+xr0ipTp9YxKQY4npwQ3mrRuL0BAVHBLyZxofhaKBAVtzmtRZ/zTyo0/to4B1uWG/Djg==

lightningcss-darwin-x64@1.33.0:
  version "1.33.0"
  resolved "https://registry.yarnpkg.com/lightningcss-darwin-x64/-/lightningcss-darwin-x64-1.33.0.tgz#cb0705965acb538c6683949ce6925fb3cdf7c361"
  integrity sha512-Z5UPAxzrjlWNNyGy6i65cJzzvgJ5D3T6wMvs+gWpY9d7qRhANrxqAp6LhxIgZhWEw18RfJTGcRxjuLIBr+m8XQ==

lightningcss-freebsd-x64@1.33.0:
  version "1.33.0"
  resolved "https://registry.yarnpkg.com/lightningcss-freebsd-x64/-/lightningcss-freebsd-x64-1.33.0.tgz#763538828b26bab2680dadafcc84ee78b0eb502b"
  integrity sha512-QQM/Ti/hQajJwCY+RiWuCZ9sdtI/XQk7nDK5vC8kkdwixezOlDgvDx7+RT+QjK6FcFT4MpsuoBnHIo/O3StRRg==

lightningcss-linux-arm-gnueabihf@1.33.0:
  version "1.33.0"
  resolved "https://registry.yarnpkg.com/lightningcss-linux-arm-gnueabihf/-/lightningcss-linux-arm-gnueabihf-1.33.0.tgz#6862e3176a331aedbdec1ed352b4d7d0dd0784de"
  integrity sha512-N7FVBe6iS24MlM6R/4RBTxGhQheZGs7tiQ9U32UtF75NzP5Q7xWPRqLBCKxlRQRk3rY1jCIPLzx7WzOhuUIRLQ==

lightningcss-linux-arm64-gnu@1.33.0:
  version "1.33.0"
  resolved "https://registry.yarnpkg.com/lightningcss-linux-arm64-gnu/-/lightningcss-linux-arm64-gnu-1.33.0.tgz#c6a3a2ed15141daf6bdc2628930f8e39bdf473aa"
  integrity sha512-j2v/itmy4HlNxlc6voKXYgBqNi0Ng2LShg4z7GufpEgs05P+2suBVyi9I6YHq5uoVFx9ETin3eCEhLVyXGQnKg==

lightningcss-linux-arm64-musl@1.33.0:
  version "1.33.0"
  resolved "https://registry.yarnpkg.com/lightningcss-linux-arm64-musl/-/lightningcss-linux-arm64-musl-1.33.0.tgz#7fa1334971fc82845f9827df6ef8a0b20914bac6"
  integrity sha512-yiO5ROMuYQgXbC60yjZU5CYSFZGKXL0HFATXt9mHJn1+zW55oCtMI9NfcVhYLMFDL7gV7oBPon/EmMMGg2OvtQ==

lightningcss-linux-x64-gnu@1.33.0:
  version "1.33.0"
  resolved "https://registry.yarnpkg.com/lightningcss-linux-x64-gnu/-/lightningcss-linux-x64-gnu-1.33.0.tgz#8b927862ea8c2bbc6831a46509244b50d9936e55"
  integrity sha512-ar+Ju7LmcN0Jo4FpL4hpFybwNG9/3A/Br5KW2n2jyODg3MEZXaDYADdemoNS+BDNfMgKvylJLj4S5tyRActuAg==

lightningcss-linux-x64-musl@1.33.0:
  version "1.33.0"
  resolved "https://registry.yarnpkg.com/lightningcss-linux-x64-musl/-/lightningcss-linux-x64-musl-1.33.0.tgz#0c525bb077dfd94404c059cfe42dad797e96aeaf"
  integrity sha512-RYiYbkokw0trfKqqzfF55lginwEPrD3OJDfTuJzFs1MK6iFnDenaz1fqLLtX4ITG3OktJQXOeTaw1awrBAlZPw==

lightningcss-win32-arm64-msvc@1.33.0:
  version "1.33.0"
  resolved "https://registry.yarnpkg.com/lightningcss-win32-arm64-msvc/-/lightningcss-win32-arm64-msvc-1.33.0.tgz#850ee1103dac989cfab50e3ac22d1a69e394e63d"
  integrity sha512-1K+MPfLSFVpphzpdbfkhlWk6wBrTObBzS2T6db10PNOZgR9GoVsAWzwNyuhUYYbTp23j+4RrncfujZ4uAzXvwA==

lightningcss-win32-x64-msvc@1.33.0:
  version "1.33.0"
  resolved "https://registry.yarnpkg.com/lightningcss-win32-x64-msvc/-/lightningcss-win32-x64-msvc-1.33.0.tgz#e343ae152eed3609dc6e11949d1a3bf39a1c946f"
  integrity sha512-OlEICDx/Xl0FqSp4bry8zFnCvGpig3Gl4gCquvYwHuqJKEC1+n9NgDniFvqHGmMv1ZkqDJrDqKKSykTDX+ehuA==

lightningcss@^1.32.0:
  version "1.33.0"
  resolved "https://registry.yarnpkg.com/lightningcss/-/lightningcss-1.33.0.tgz#c08867d71a79385c6e190214fd72fef3e5f95f0b"
  integrity sha512-WkUDrojuJs0xkgGf2udWxa3yGBRxPtxUkB79i6aCZLRgc7PM8fZe9TosfPDcvEpQZbuFASnHYmRLBLUbmLOIIA==
  dependencies:
    detect-libc "^2.0.3"
  optionalDependencies:
    lightningcss-android-arm64 "1.33.0"
    lightningcss-darwin-arm64 "1.33.0"
    lightningcss-darwin-x64 "1.33.0"
    lightningcss-freebsd-x64 "1.33.0"
    lightningcss-linux-arm-gnueabihf "1.33.0"
    lightningcss-linux-arm64-gnu "1.33.0"
    lightningcss-linux-arm64-musl "1.33.0"
    lightningcss-linux-x64-gnu "1.33.0"
    lightningcss-linux-x64-musl "1.33.0"
    lightningcss-win32-arm64-msvc "1.33.0"
    lightningcss-win32-x64-msvc "1.33.0"

nanoid@^3.3.17:
  version "3.3.18"
  resolved "https://registry.yarnpkg.com/nanoid/-/nanoid-3.3.18.tgz#f66a2de1199ffde0fcf21c8a5f13106b1c081913"
  integrity sha512-DTg4MJbGMWkfi6VZFdNt2/caMbQy4Ou+Op/hJQvGEWcnVfoA1QA+xzRKAzw9jD6+GVOOeYr/mIcuDSdug6F6+w==

picocolors@^1.1.1:
  version "1.1.1"
  resolved "https://registry.yarnpkg.com/picocolors/-/picocolors-1.1.1.tgz#3d321af3eab939b083c8f929a1d12cda81c26b6b"
  integrity sha512-xceH2snhtb5M9liqDsmEw56le376mTZkEX/jEb/RxNFyegNul7eNslCXP9FDj/Lcu0X8KEyMceP2ntpaHrDEVA==

picomatch@^4.0.4:
  version "4.0.5"
  resolved "https://registry.yarnpkg.com/picomatch/-/picomatch-4.0.5.tgz#51ea57a17d86f605f81039595fbc40ed06a55fab"
  integrity sha512-RvwwcruNjI1ncT5xRakeyS9Lf8lcItv34KD+aif+VH9kduAyfYBipGh12274xtenIPZ119/R9BdTBa8gAwSh0A==

postcss@^8.5.14:
  version "8.5.26"
  resolved "https://registry.yarnpkg.com/postcss/-/postcss-8.5.26.tgz#6e75135780c7e10df3433bf2266c552d35c8c620"
  integrity sha512-u82N74LFzG8ca+dD8puPnplTXoGH4fTPpVGuIbt36G3qvNlkvfD0lEAZSxaly3KX8TS/L1A1gsCEmvKmBcVbkQ==
  dependencies:
    nanoid "^3.3.17"
    picocolors "^1.1.1"
    source-map-js "^1.2.1"

rolldown@1.0.1:
  version "1.0.1"
  resolved "https://registry.yarnpkg.com/rolldown/-/rolldown-1.0.1.tgz#2e2e839106dc47951e42dbba414f0f0ecf97ac68"
  integrity sha512-X0KQHljNnEkWNqqiz9zJrGunh1B0HgOxLXvnFpCOcadzcy5qohZ3tqMEUg00vncoRovXuK3ZqCT9KnnKzoInFQ==
  dependencies:
    "@oxc-project/types" "=0.130.0"
    "@rolldown/pluginutils" "^1.0.0"
  optionalDependencies:
    "@rolldown/binding-android-arm64" "1.0.1"
    "@rolldown/binding-darwin-arm64" "1.0.1"
    "@rolldown/binding-darwin-x64" "1.0.1"
    "@rolldown/binding-freebsd-x64" "1.0.1"
    "@rolldown/binding-linux-arm-gnueabihf" "1.0.1"
    "@rolldown/binding-linux-arm64-gnu" "1.0.1"
    "@rolldown/binding-linux-arm64-musl" "1.0.1"
    "@rolldown/binding-linux-ppc64-gnu" "1.0.1"
    "@rolldown/binding-linux-s390x-gnu" "1.0.1"
    "@rolldown/binding-linux-x64-gnu" "1.0.1"
    "@rolldown/binding-linux-x64-musl" "1.0.1"
    "@rolldown/binding-openharmony-arm64" "1.0.1"
    "@rolldown/binding-wasm32-wasi" "1.0.1"
    "@rolldown/binding-win32-arm64-msvc" "1.0.1"
    "@rolldown/binding-win32-x64-msvc" "1.0.1"

source-map-js@^1.2.1:
  version "1.2.1"
  resolved "https://registry.yarnpkg.com/source-map-js/-/source-map-js-1.2.1.tgz#1ce5650fddd87abc099eda37dcff024c2667ae46"
  integrity sha512-UXWMKhLOwVKb728IUtQPXxfYU+usdybtUrK/8uGE8CQMvrhOpwvzDBwj0QhSL7MQc7vIsISBG8VQ8+IDQxpfQA==

tinyglobby@^0.2.16:
  version "0.2.17"
  resolved "https://registry.yarnpkg.com/tinyglobby/-/tinyglobby-0.2.17.tgz#562a9a6c9eb2b3b123d39719f9af5bb44fcd7631"
  integrity sha512-wXR/dYpcqKmfWpEdZjiKJOwCNFndD0DMnrW/cYjVGttEkBfVgcLFHoNrlj47mjOVic9yyNu65alsgF4NQyTa2g==
  dependencies:
    fdir "^6.5.0"
    picomatch "^4.0.4"

tslib@^2.4.0:
  version "2.8.1"
  resolved "https://registry.npmjs.org/tslib/-/tslib-2.8.1.tgz"
  integrity sha512-oJFu94HQb+KVduSUQL7wnpmqnfmLsOA/nAh6b6EH0wCEoK0/mPeXU6c3wKDV83MkOuHPRHtSXKKU99IBazS/2w==

vite@8.0.13:
  version "8.0.13"
  resolved "https://registry.yarnpkg.com/vite/-/vite-8.0.13.tgz#d75fb40aeee761051b0eb4620993da625c7719ab"
  integrity sha512-MFtjBYgzmSxmgA4RAfjIyXWpGe1oALnjgUTzzV7QLx/TKxCzjtMH6Fd9/eVK+5Fg1qNoz5VAwsmMs/NofrmJvw==
  dependencies:
    lightningcss "^1.32.0"
    picomatch "^4.0.4"
    postcss "^8.5.14"
    rolldown "1.0.1"
    tinyglobby "^0.2.16"
  optionalDependencies:
    fsevents "~2.3.3"
